
Microsoft Visual Studio Solution File, Format Version 12.00
# Visual Studio Version 17
VisualStudioVersion = 17.1.32328.378
MinimumVisualStudioVersion = 10.0.40219.1
Project("{9A19103F-16F7-4668-BE54-9A1E7A4F7556}") = "MyNetMvcLab", "MyNetMvcLab\MyNetMvcLab.csproj", "{CFC3696F-CD94-42E0-BAE6-C92C6EF55932}"
EndProject
Global
	GlobalSection(SolutionConfigurationPlatforms) = preSolution
		Debug|Any CPU = Debug|Any CPU
		Release|Any CPU = Release|Any CPU
	EndGlobalSection
	GlobalSection(ProjectConfigurationPlatforms) = postSolution
		{CFC3696F-CD94-42E0-BAE6-C92C6EF55932}.Debug|Any CPU.ActiveCfg = Debug|Any CPU
		{CFC3696F-CD94-42E0-BAE6-C92C6EF55932}.Debug|Any CPU.Build.0 = Debug|Any CPU
		{CFC3696F-CD94-42E0-BAE6-C92C6EF55932}.Release|Any CPU.ActiveCfg = Release|Any CPU
		{CFC3696F-CD94-42E0-BAE6-C92C6EF55932}.Release|Any CPU.Build.0 = Release|Any CPU
	EndGlobalSection
	GlobalSection(SolutionProperties) = preSolution
		HideSolutionNode = FALSE
	EndGlobalSection
	GlobalSection(ExtensibilityGlobals) = postSolution
		SolutionGuid = {81F53554-8197-43A2-BA76-8954065E2497}
	EndGlobalSection
EndGlobal
